
Microsoft Visual Studio Solution File, Format Version 12.00
# Visual Studio Version 17
VisualStudioVersion = 17.7.34003.232
MinimumVisualStudioVersion = 10.0.40219.1
Project("{8BC9CEB8-8B4A-11D0-8D11-00A0C91BC942}") = "test_10_15", "test_10_15\test_10_15.vcxproj", "{F6CB4277-1A31-4C67-961B-C05457D31BF4}"
EndProject
Global
	GlobalSection(SolutionConfigurationPlatforms) = preSolution
		Debug|x64 = Debug|x64
		Debug|x86 = Debug|x86
		Release|x64 = Release|x64
		Release|x86 = Release|x86
	EndGlobalSection
	GlobalSection(ProjectConfigurationPlatforms) = postSolution
		{F6CB4277-1A31-4C67-961B-C05457D31BF4}.Debug|x64.ActiveCfg = Debug|x64
		{F6CB4277-1A31-4C67-961B-C05457D31BF4}.Debug|x64.Build.0 = Debug|x64
		{F6CB4277-1A31-4C67-961B-C05457D31BF4}.Debug|x86.ActiveCfg = Debug|Win32
		{F6CB4277-1A31-4C67-961B-C05457D31BF4}.Debug|x86.Build.0 = Debug|Win32
		{F6CB4277-1A31-4C67-961B-C05457D31BF4}.Release|x64.ActiveCfg = Release|x64
		{F6CB4277-1A31-4C67-961B-C05457D31BF4}.Release|x64.Build.0 = Release|x64
		{F6CB4277-1A31-4C67-961B-C05457D31BF4}.Release|x86.ActiveCfg = Release|Win32
		{F6CB4277-1A31-4C67-961B-C05457D31BF4}.Release|x86.Build.0 = Release|Win32
	EndGlobalSection
	GlobalSection(SolutionProperties) = preSolution
		HideSolutionNode = FALSE
	EndGlobalSection
	GlobalSection(ExtensibilityGlobals) = postSolution
		SolutionGuid = {15BDC33D-EB39-4887-BF2A-5117CB2DFF7D}
	EndGlobalSection
EndGlobal
